{
  "name": "simpletellerjs",
  "version": "1.0.0",
  "lockfileVersion": 1,
  "requires": true,
  "dependencies": {
    "c3": {
      "version": "0.4.18",
      "resolved": "https://registry.npmjs.org/c3/-/c3-0.4.18.tgz",
      "integrity": "sha512-37TiFeCrbe69gg7SxFpTBOLDwulnk+opKp1AFDi43mONtErpRoUIZfGSimGiSYQmNu6Zh9W2yNOx0066UikqSg==",
      "requires": {
        "d3": "3.5.17"
      },
      "dependencies": {
        "d3": {
          "version": "3.5.17",
          "resolved": "https://registry.npmjs.org/d3/-/d3-3.5.17.tgz",
          "integrity": "sha1-vEZ0gAQ3iyGjYMn8fPUjF5B2L7g="
        }
      }
    },
    "d3": {
      "version": "3.5.17",
      "resolved": "https://registry.npmjs.org/d3/-/d3-3.5.17.tgz",
      "integrity": "sha1-vEZ0gAQ3iyGjYMn8fPUjF5B2L7g="
    },
    "mustache": {
      "version": "2.3.0",
      "resolved": "https://registry.npmjs.org/mustache/-/mustache-2.3.0.tgz",
      "integrity": "sha1-QCj3d4sXcIpImTCm5SrDvKDaQdA="
    },
    "reveal.js": {
      "version": "3.6.0",
      "resolved": "https://registry.npmjs.org/reveal.js/-/reveal.js-3.6.0.tgz",
      "integrity": "sha512-ZhXBWoDiaNySAJgs3XqmkHTmjR3Dkkhyy89VY8PLzXBDwNhP7ZEGtBT1H3xJRCEGOD4ScLJBbU75PRiPLQgWgw=="
    },
    "reveal.js-d3js": {
      "version": "1.0.0",
      "resolved": "https://registry.npmjs.org/reveal.js-d3js/-/reveal.js-d3js-1.0.0.tgz",
      "integrity": "sha1-I71XY5vPGPdJY2EKgR3yL/SkBWA="
    }
  }
}
