# THIS IS AN AUTOGENERATED FILE. DO NOT EDIT THIS FILE DIRECTLY.
# yarn lockfile v1


"@bower_components/reveal.js-menu@denehyg/reveal.js-menu#*":
  version "0.9.0"
  resolved "https://codeload.github.com/denehyg/reveal.js-menu/tar.gz/f827a0c479864723dba96c83b83ef0ce99dbfe9b"

"@bower_components/reveal.js-plugins@rajgoel/reveal.js-plugins#*":
  version "0.0.0"
  resolved "https://codeload.github.com/rajgoel/reveal.js-plugins/tar.gz/1eeb901571c5aecb9ff3e184ed08e898d96fdab4"

c3@^0.4.18:
  version "0.4.18"
  resolved "https://registry.yarnpkg.com/c3/-/c3-0.4.18.tgz#6f1c4409635263b8a3de607edbab4bdc678c62cb"
  dependencies:
    d3 "~3.5.0"

d3@^3.5.17, d3@~3.5.0:
  version "3.5.17"
  resolved "https://registry.yarnpkg.com/d3/-/d3-3.5.17.tgz#bc46748004378b21a360c9fc7cf5231790762fb8"

reveal.js-d3js@^1.0.0:
  version "1.0.0"
  resolved "https://registry.yarnpkg.com/reveal.js-d3js/-/reveal.js-d3js-1.0.0.tgz#23bd57639bcf18f74963610a811df22ff4a40560"

reveal.js@^3.6.0:
  version "3.6.0"
  resolved "https://registry.yarnpkg.com/reveal.js/-/reveal.js-3.6.0.tgz#ce0e64f30cbebd6e5ce885c2f384085c5e5821e8"
